
Microsoft Visual Studio Solution File, Format Version 12.00
# Visual Studio Version 17
VisualStudioVersion = 17.9.34616.47
MinimumVisualStudioVersion = 10.0.40219.1
Project("{FAE04EC0-301F-11D3-BF4B-00C04F79EFBC}") = "NetworkingChecker", "NetworkingChecker.csproj", "{1112A088-06AD-4EC4-B472-335FB475C744}"
EndProject
Global
	GlobalSection(SolutionConfigurationPlatforms) = preSolution
		Debug|Any CPU = Debug|Any CPU
		Release|Any CPU = Release|Any CPU
	EndGlobalSection
	GlobalSection(ProjectConfigurationPlatforms) = postSolution
		{1112A088-06AD-4EC4-B472-335FB475C744}.Debug|Any CPU.ActiveCfg = Debug|Any CPU
		{1112A088-06AD-4EC4-B472-335FB475C744}.Debug|Any CPU.Build.0 = Debug|Any CPU
		{1112A088-06AD-4EC4-B472-335FB475C744}.Release|Any CPU.ActiveCfg = Release|Any CPU
		{1112A088-06AD-4EC4-B472-335FB475C744}.Release|Any CPU.Build.0 = Release|Any CPU
	EndGlobalSection
	GlobalSection(SolutionProperties) = preSolution
		HideSolutionNode = FALSE
	EndGlobalSection
	GlobalSection(ExtensibilityGlobals) = postSolution
		SolutionGuid = {E9D4FB22-2BB4-4F64-A68F-D1A00C90783B}
	EndGlobalSection
EndGlobal
